
Microsoft Visual Studio Solution File, Format Version 12.00
Project("{2150E333-8FDC-42A3-9474-1A3956D46DE8}") = "Solution Items", "Solution Items", "{EEA4380D-90B8-4964-A37B-7CD373C43202}"
	ProjectSection(SolutionItems) = preProject
		.gitignore = .gitignore
		README.md = README.md
		src\.env = src\.env
		src\docker-compose.yml = src\docker-compose.yml
	EndProjectSection
EndProject
Project("{2150E333-8FDC-42A3-9474-1A3956D46DE8}") = "Sources", "Sources", "{EC046C80-76A3-4714-8D39-8BF985D42308}"
EndProject
Project("{FAE04EC0-301F-11D3-BF4B-00C04F79EFBC}") = "ConsoleApp1", "src\ConsoleTest\ConsoleApp1\ConsoleApp1.csproj", "{8C6E06C2-B265-48E2-9F5B-03845D46CAD1}"
EndProject
Project("{2150E333-8FDC-42A3-9474-1A3956D46DE8}") = "BuildingBlocks", "BuildingBlocks", "{2469DA5E-FEEB-4CD3-9132-82FEE12D3031}"
EndProject
Project("{2150E333-8FDC-42A3-9474-1A3956D46DE8}") = "Tests", "Tests", "{01A154A3-BDC0-44DE-969F-AB9C3166EC8A}"
EndProject
Project("{FAE04EC0-301F-11D3-BF4B-00C04F79EFBC}") = "Tiktok.API.Application", "src\Tiktok.API.Application\Tiktok.API.Application.csproj", "{167F4221-B1FA-4918-A6CF-C4F6D2AAAAC0}"
EndProject
Project("{FAE04EC0-301F-11D3-BF4B-00C04F79EFBC}") = "Tiktok.API.Domain", "src\Tiktok.API.Domain\Tiktok.API.Domain.csproj", "{7F159A63-D21B-43EF-A7A9-2278DD90450A}"
EndProject
Project("{FAE04EC0-301F-11D3-BF4B-00C04F79EFBC}") = "Tiktok.API.Infrastructure", "src\Tiktok.API.Infrastructure\Tiktok.API.Infrastructure.csproj", "{FB1C203E-AF33-4A5B-A3CD-11C951F348F7}"
EndProject
Project("{FAE04EC0-301F-11D3-BF4B-00C04F79EFBC}") = "Tiktok.API.Presentation", "src\Tiktok.API.Presentation\Tiktok.API.Presentation.csproj", "{E57A28B1-77F6-49EA-8356-DE7616112E26}"
EndProject
Project("{FAE04EC0-301F-11D3-BF4B-00C04F79EFBC}") = "Tiktok.ScheduledJob", "src\Tiktok.ScheduledJob\Tiktok.ScheduledJob.csproj", "{F264C2AC-71F1-440D-8485-882C62E67DCD}"
EndProject
Global
	GlobalSection(SolutionConfigurationPlatforms) = preSolution
		Debug|Any CPU = Debug|Any CPU
		Release|Any CPU = Release|Any CPU
	EndGlobalSection
	GlobalSection(ProjectConfigurationPlatforms) = postSolution
		{8C6E06C2-B265-48E2-9F5B-03845D46CAD1}.Debug|Any CPU.ActiveCfg = Debug|Any CPU
		{8C6E06C2-B265-48E2-9F5B-03845D46CAD1}.Debug|Any CPU.Build.0 = Debug|Any CPU
		{8C6E06C2-B265-48E2-9F5B-03845D46CAD1}.Release|Any CPU.ActiveCfg = Release|Any CPU
		{8C6E06C2-B265-48E2-9F5B-03845D46CAD1}.Release|Any CPU.Build.0 = Release|Any CPU
		{167F4221-B1FA-4918-A6CF-C4F6D2AAAAC0}.Debug|Any CPU.ActiveCfg = Debug|Any CPU
		{167F4221-B1FA-4918-A6CF-C4F6D2AAAAC0}.Debug|Any CPU.Build.0 = Debug|Any CPU
		{167F4221-B1FA-4918-A6CF-C4F6D2AAAAC0}.Release|Any CPU.ActiveCfg = Release|Any CPU
		{167F4221-B1FA-4918-A6CF-C4F6D2AAAAC0}.Release|Any CPU.Build.0 = Release|Any CPU
		{7F159A63-D21B-43EF-A7A9-2278DD90450A}.Debug|Any CPU.ActiveCfg = Debug|Any CPU
		{7F159A63-D21B-43EF-A7A9-2278DD90450A}.Debug|Any CPU.Build.0 = Debug|Any CPU
		{7F159A63-D21B-43EF-A7A9-2278DD90450A}.Release|Any CPU.ActiveCfg = Release|Any CPU
		{7F159A63-D21B-43EF-A7A9-2278DD90450A}.Release|Any CPU.Build.0 = Release|Any CPU
		{FB1C203E-AF33-4A5B-A3CD-11C951F348F7}.Debug|Any CPU.ActiveCfg = Debug|Any CPU
		{FB1C203E-AF33-4A5B-A3CD-11C951F348F7}.Debug|Any CPU.Build.0 = Debug|Any CPU
		{FB1C203E-AF33-4A5B-A3CD-11C951F348F7}.Release|Any CPU.ActiveCfg = Release|Any CPU
		{FB1C203E-AF33-4A5B-A3CD-11C951F348F7}.Release|Any CPU.Build.0 = Release|Any CPU
		{E57A28B1-77F6-49EA-8356-DE7616112E26}.Debug|Any CPU.ActiveCfg = Debug|Any CPU
		{E57A28B1-77F6-49EA-8356-DE7616112E26}.Debug|Any CPU.Build.0 = Debug|Any CPU
		{E57A28B1-77F6-49EA-8356-DE7616112E26}.Release|Any CPU.ActiveCfg = Release|Any CPU
		{E57A28B1-77F6-49EA-8356-DE7616112E26}.Release|Any CPU.Build.0 = Release|Any CPU
		{F264C2AC-71F1-440D-8485-882C62E67DCD}.Debug|Any CPU.ActiveCfg = Debug|Any CPU
		{F264C2AC-71F1-440D-8485-882C62E67DCD}.Debug|Any CPU.Build.0 = Debug|Any CPU
		{F264C2AC-71F1-440D-8485-882C62E67DCD}.Release|Any CPU.ActiveCfg = Release|Any CPU
		{F264C2AC-71F1-440D-8485-882C62E67DCD}.Release|Any CPU.Build.0 = Release|Any CPU
	EndGlobalSection
	GlobalSection(NestedProjects) = preSolution
		{2469DA5E-FEEB-4CD3-9132-82FEE12D3031} = {EC046C80-76A3-4714-8D39-8BF985D42308}
		{01A154A3-BDC0-44DE-969F-AB9C3166EC8A} = {EC046C80-76A3-4714-8D39-8BF985D42308}
		{8C6E06C2-B265-48E2-9F5B-03845D46CAD1} = {01A154A3-BDC0-44DE-969F-AB9C3166EC8A}
		{167F4221-B1FA-4918-A6CF-C4F6D2AAAAC0} = {2469DA5E-FEEB-4CD3-9132-82FEE12D3031}
		{7F159A63-D21B-43EF-A7A9-2278DD90450A} = {2469DA5E-FEEB-4CD3-9132-82FEE12D3031}
		{FB1C203E-AF33-4A5B-A3CD-11C951F348F7} = {2469DA5E-FEEB-4CD3-9132-82FEE12D3031}
		{E57A28B1-77F6-49EA-8356-DE7616112E26} = {EC046C80-76A3-4714-8D39-8BF985D42308}
		{F264C2AC-71F1-440D-8485-882C62E67DCD} = {EC046C80-76A3-4714-8D39-8BF985D42308}
	EndGlobalSection
EndGlobal
